// !$*UTF8*$!
{
	archiveVersion = 1;
	classes = {
	};
	objectVersion = 46;
	objects = {

/* Begin PBXBuildFile section */
		581BB16C1E54BCA5001AF381 /* SentMemeTableViewCell.swift in Sources */ = {isa = PBXBuildFile; fileRef = 581BB16B1E54BCA5001AF381 /* SentMemeTableViewCell.swift */; };
		58356DEC1E25EFD400F10DC6 /* Impact.ttf in Resources */ = {isa = PBXBuildFile; fileRef = 58356DEB1E25EFD400F10DC6 /* Impact.ttf */; };
		583B38851DD52DB90079BF6E /* AppDelegate.swift in Sources */ = {isa = PBXBuildFile; fileRef = 583B38841DD52DB90079BF6E /* AppDelegate.swift */; };
		583B38871DD52DB90079BF6E /* ViewController.swift in Sources */ = {isa = PBXBuildFile; fileRef = 583B38861DD52DB90079BF6E /* ViewController.swift */; };
		583B388A1DD52DB90079BF6E /* Main.storyboard in Resources */ = {isa = PBXBuildFile; fileRef = 583B38881DD52DB90079BF6E /* Main.storyboard */; };
		583B388C1DD52DB90079BF6E /* Assets.xcassets in Resources */ = {isa = PBXBuildFile; fileRef = 583B388B1DD52DB90079BF6E /* Assets.xcassets */; };
		583B388F1DD52DB90079BF6E /* LaunchScreen.storyboard in Resources */ = {isa = PBXBuildFile; fileRef = 583B388D1DD52DB90079BF6E /* LaunchScreen.storyboard */; };
		583B389A1DD52DB90079BF6E /* image_pickerTests.swift in Sources */ = {isa = PBXBuildFile; fileRef = 583B38991DD52DB90079BF6E /* image_pickerTests.swift */; };
		583B38A51DD52DB90079BF6E /* image_pickerUITests.swift in Sources */ = {isa = PBXBuildFile; fileRef = 583B38A41DD52DB90079BF6E /* image_pickerUITests.swift */; };
		5861C1781DD66489001D5F5A /* NewMeme.swift in Sources */ = {isa = PBXBuildFile; fileRef = 5861C1771DD66489001D5F5A /* NewMeme.swift */; };
		58CF38191E42E40900F9E9EC /* SentMemesTableViewController.swift in Sources */ = {isa = PBXBuildFile; fileRef = 58CF38181E42E40900F9E9EC /* SentMemesTableViewController.swift */; };
		58CF381B1E43ED4C00F9E9EC /* SentMemesCollectionViewController.swift in Sources */ = {isa = PBXBuildFile; fileRef = 58CF381A1E43ED4C00F9E9EC /* SentMemesCollectionViewController.swift */; };
		58CF381D1E43F05100F9E9EC /* SentMemeCollectionVIewCell.swift in Sources */ = {isa = PBXBuildFile; fileRef = 58CF381C1E43F05100F9E9EC /* SentMemeCollectionVIewCell.swift */; };
		58CF381F1E45339500F9E9EC /* ViewMemeViewController.swift in Sources */ = {isa = PBXBuildFile; fileRef = 58CF381E1E45339500F9E9EC /* ViewMemeViewController.swift */; };
/* End PBXBuildFile section */

/* Begin PBXContainerItemProxy section */
		583B38961DD52DB90079BF6E /* PBXContainerItemProxy */ = {
			isa = PBXContainerItemProxy;
			containerPortal = 583B38791DD52DB90079BF6E /* Project object */;
			proxyType = 1;
			remoteGlobalIDString = 583B38801DD52DB90079BF6E;
			remoteInfo = "image picker";
		};
		583B38A11DD52DB90079BF6E /* PBXContainerItemProxy */ = {
			isa = PBXContainerItemProxy;
			containerPortal = 583B38791DD52DB90079BF6E /* Project object */;
			proxyType = 1;
			remoteGlobalIDString = 583B38801DD52DB90079BF6E;
			remoteInfo = "image picker";
		};
/* End PBXContainerItemProxy section */

/* Begin PBXFileReference section */
		581BB16B1E54BCA5001AF381 /* SentMemeTableViewCell.swift */ = {isa = PBXFileReference; fileEncoding = 4; lastKnownFileType = sourcecode.swift; path = SentMemeTableViewCell.swift; sourceTree = "<group>"; };
		58356DEB1E25EFD400F10DC6 /* Impact.ttf */ = {isa = PBXFileReference; lastKnownFileType = file; path = Impact.ttf; sourceTree = "<group>"; };
		583B38811DD52DB90079BF6E /* PotentialMeme.app */ = {isa = PBXFileReference; explicitFileType = wrapper.application; includeInIndex = 0; path = PotentialMeme.app; sourceTree = BUILT_PRODUCTS_DIR; };
		583B38841DD52DB90079BF6E /* AppDelegate.swift */ = {isa = PBXFileReference; lastKnownFileType = sourcecode.swift; name = AppDelegate.swift; path = "image picker/AppDelegate.swift"; sourceTree = "<group>"; };
		583B38861DD52DB90079BF6E /* ViewController.swift */ = {isa = PBXFileReference; lastKnownFileType = sourcecode.swift; path = ViewController.swift; sourceTree = "<group>"; };
		583B38891DD52DB90079BF6E /* Base */ = {isa = PBXFileReference; lastKnownFileType = file.storyboard; name = Base; path = Base.lproj/Main.storyboard; sourceTree = "<group>"; };
		583B388B1DD52DB90079BF6E /* Assets.xcassets */ = {isa = PBXFileReference; lastKnownFileType = folder.assetcatalog; path = Assets.xcassets; sourceTree = "<group>"; };
		583B388E1DD52DB90079BF6E /* Base */ = {isa = PBXFileReference; lastKnownFileType = file.storyboard; name = Base; path = Base.lproj/LaunchScreen.storyboard; sourceTree = "<group>"; };
		583B38901DD52DB90079BF6E /* Info.plist */ = {isa = PBXFileReference; lastKnownFileType = text.plist.xml; name = Info.plist; path = "image picker/Info.plist"; sourceTree = "<group>"; };
		583B38951DD52DB90079BF6E /* PotentialMemeTests.xctest */ = {isa = PBXFileReference; explicitFileType = wrapper.cfbundle; includeInIndex = 0; path = PotentialMemeTests.xctest; sourceTree = BUILT_PRODUCTS_DIR; };
		583B38991DD52DB90079BF6E /* image_pickerTests.swift */ = {isa = PBXFileReference; lastKnownFileType = sourcecode.swift; path = image_pickerTests.swift; sourceTree = "<group>"; };
		583B389B1DD52DB90079BF6E /* Info.plist */ = {isa = PBXFileReference; lastKnownFileType = text.plist.xml; path = Info.plist; sourceTree = "<group>"; };
		583B38A01DD52DB90079BF6E /* PotentialMemeUITests.xctest */ = {isa = PBXFileReference; explicitFileType = wrapper.cfbundle; includeInIndex = 0; path = PotentialMemeUITests.xctest; sourceTree = BUILT_PRODUCTS_DIR; };
		583B38A41DD52DB90079BF6E /* image_pickerUITests.swift */ = {isa = PBXFileReference; lastKnownFileType = sourcecode.swift; path = image_pickerUITests.swift; sourceTree = "<group>"; };
		583B38A61DD52DB90079BF6E /* Info.plist */ = {isa = PBXFileReference; lastKnownFileType = text.plist.xml; path = Info.plist; sourceTree = "<group>"; };
		5861C1771DD66489001D5F5A /* NewMeme.swift */ = {isa = PBXFileReference; fileEncoding = 4; lastKnownFileType = sourcecode.swift; path = NewMeme.swift; sourceTree = "<group>"; };
		58CF38181E42E40900F9E9EC /* SentMemesTableViewController.swift */ = {isa = PBXFileReference; fileEncoding = 4; lastKnownFileType = sourcecode.swift; path = SentMemesTableViewController.swift; sourceTree = "<group>"; };
		58CF381A1E43ED4C00F9E9EC /* SentMemesCollectionViewController.swift */ = {isa = PBXFileReference; fileEncoding = 4; lastKnownFileType = sourcecode.swift; path = SentMemesCollectionViewController.swift; sourceTree = "<group>"; };
		58CF381C1E43F05100F9E9EC /* SentMemeCollectionVIewCell.swift */ = {isa = PBXFileReference; fileEncoding = 4; lastKnownFileType = sourcecode.swift; path = SentMemeCollectionVIewCell.swift; sourceTree = "<group>"; };
		58CF381E1E45339500F9E9EC /* ViewMemeViewController.swift */ = {isa = PBXFileReference; fileEncoding = 4; lastKnownFileType = sourcecode.swift; path = ViewMemeViewController.swift; sourceTree = "<group>"; };
/* End PBXFileReference section */

/* Begin PBXFrameworksBuildPhase section */
		583B387E1DD52DB90079BF6E /* Frameworks */ = {
			isa = PBXFrameworksBuildPhase;
			buildActionMask = 2147483647;
			files = (
			);
			runOnlyForDeploymentPostprocessing = 0;
		};
		583B38921DD52DB90079BF6E /* Frameworks */ = {
			isa = PBXFrameworksBuildPhase;
			buildActionMask = 2147483647;
			files = (
			);
			runOnlyForDeploymentPostprocessing = 0;
		};
		583B389D1DD52DB90079BF6E /* Frameworks */ = {
			isa = PBXFrameworksBuildPhase;
			buildActionMask = 2147483647;
			files = (
			);
			runOnlyForDeploymentPostprocessing = 0;
		};
/* End PBXFrameworksBuildPhase section */

/* Begin PBXGroup section */
		581BB16D1E55074C001AF381 /* Storyboard */ = {
			isa = PBXGroup;
			children = (
				583B38881DD52DB90079BF6E /* Main.storyboard */,
				583B388D1DD52DB90079BF6E /* LaunchScreen.storyboard */,
			);
			name = Storyboard;
			sourceTree = "<group>";
		};
		581BB16E1E550786001AF381 /* MemeViews */ = {
			isa = PBXGroup;
			children = (
				583B38861DD52DB90079BF6E /* ViewController.swift */,
				58CF381E1E45339500F9E9EC /* ViewMemeViewController.swift */,
				581BB1701E5507CA001AF381 /* CollectionView */,
				581BB1711E5507F1001AF381 /* TableView */,
			);
			name = MemeViews;
			sourceTree = "<group>";
		};
		581BB1701E5507CA001AF381 /* CollectionView */ = {
			isa = PBXGroup;
			children = (
				58CF381A1E43ED4C00F9E9EC /* SentMemesCollectionViewController.swift */,
				58CF381C1E43F05100F9E9EC /* SentMemeCollectionVIewCell.swift */,
			);
			name = CollectionView;
			sourceTree = "<group>";
		};
		581BB1711E5507F1001AF381 /* TableView */ = {
			isa = PBXGroup;
			children = (
				58CF38181E42E40900F9E9EC /* SentMemesTableViewController.swift */,
				581BB16B1E54BCA5001AF381 /* SentMemeTableViewCell.swift */,
			);
			name = TableView;
			sourceTree = "<group>";
		};
		58356DED1E25EFFF00F10DC6 /* Resources */ = {
			isa = PBXGroup;
			children = (
				583B38901DD52DB90079BF6E /* Info.plist */,
				58356DEB1E25EFD400F10DC6 /* Impact.ttf */,
				583B38841DD52DB90079BF6E /* AppDelegate.swift */,
			);
			name = Resources;
			sourceTree = "<group>";
		};
		583B38781DD52DB90079BF6E = {
			isa = PBXGroup;
			children = (
				583B38831DD52DB90079BF6E /* image picker */,
				58356DED1E25EFFF00F10DC6 /* Resources */,
				583B38981DD52DB90079BF6E /* image pickerTests */,
				583B38A31DD52DB90079BF6E /* image pickerUITests */,
				583B38821DD52DB90079BF6E /* Products */,
			);
			sourceTree = "<group>";
		};
		583B38821DD52DB90079BF6E /* Products */ = {
			isa = PBXGroup;
			children = (
				583B38811DD52DB90079BF6E /* PotentialMeme.app */,
				583B38951DD52DB90079BF6E /* PotentialMemeTests.xctest */,
				583B38A01DD52DB90079BF6E /* PotentialMemeUITests.xctest */,
			);
			name = Products;
			sourceTree = "<group>";
		};
		583B38831DD52DB90079BF6E /* image picker */ = {
			isa = PBXGroup;
			children = (
				581BB16D1E55074C001AF381 /* Storyboard */,
				581BB16E1E550786001AF381 /* MemeViews */,
				583B388B1DD52DB90079BF6E /* Assets.xcassets */,
				5861C1771DD66489001D5F5A /* NewMeme.swift */,
			);
			path = "image picker";
			sourceTree = "<group>";
		};
		583B38981DD52DB90079BF6E /* image pickerTests */ = {
			isa = PBXGroup;
			children = (
				583B38991DD52DB90079BF6E /* image_pickerTests.swift */,
				583B389B1DD52DB90079BF6E /* Info.plist */,
			);
			path = "image pickerTests";
			sourceTree = "<group>";
		};
		583B38A31DD52DB90079BF6E /* image pickerUITests */ = {
			isa = PBXGroup;
			children = (
				583B38A41DD52DB90079BF6E /* image_pickerUITests.swift */,
				583B38A61DD52DB90079BF6E /* Info.plist */,
			);
			path = "image pickerUITests";
			sourceTree = "<group>";
		};
/* End PBXGroup section */

/* Begin PBXNativeTarget section */
		583B38801DD52DB90079BF6E /* PotentialMeme */ = {
			isa = PBXNativeTarget;
			buildConfigurationList = 583B38A91DD52DB90079BF6E /* Build configuration list for PBXNativeTarget "PotentialMeme" */;
			buildPhases = (
				583B387D1DD52DB90079BF6E /* Sources */,
				583B387E1DD52DB90079BF6E /* Frameworks */,
				583B387F1DD52DB90079BF6E /* Resources */,
			);
			buildRules = (
			);
			dependencies = (
			);
			name = PotentialMeme;
			productName = "image picker";
			productReference = 583B38811DD52DB90079BF6E /* PotentialMeme.app */;
			productType = "com.apple.product-type.application";
		};
		583B38941DD52DB90079BF6E /* PotentialMemeTests */ = {
			isa = PBXNativeTarget;
			buildConfigurationList = 583B38AC1DD52DB90079BF6E /* Build configuration list for PBXNativeTarget "PotentialMemeTests" */;
			buildPhases = (
				583B38911DD52DB90079BF6E /* Sources */,
				583B38921DD52DB90079BF6E /* Frameworks */,
				583B38931DD52DB90079BF6E /* Resources */,
			);
			buildRules = (
			);
			dependencies = (
				583B38971DD52DB90079BF6E /* PBXTargetDependency */,
			);
			name = PotentialMemeTests;
			productName = "image pickerTests";
			productReference = 583B38951DD52DB90079BF6E /* PotentialMemeTests.xctest */;
			productType = "com.apple.product-type.bundle.unit-test";
		};
		583B389F1DD52DB90079BF6E /* PotentialMemeUITests */ = {
			isa = PBXNativeTarget;
			buildConfigurationList = 583B38AF1DD52DB90079BF6E /* Build configuration list for PBXNativeTarget "PotentialMemeUITests" */;
			buildPhases = (
				583B389C1DD52DB90079BF6E /* Sources */,
				583B389D1DD52DB90079BF6E /* Frameworks */,
				583B389E1DD52DB90079BF6E /* Resources */,
			);
			buildRules = (
			);
			dependencies = (
				583B38A21DD52DB90079BF6E /* PBXTargetDependency */,
			);
			name = PotentialMemeUITests;
			productName = "image pickerUITests";
			productReference = 583B38A01DD52DB90079BF6E /* PotentialMemeUITests.xctest */;
			productType = "com.apple.product-type.bundle.ui-testing";
		};
/* End PBXNativeTarget section */

/* Begin PBXProject section */
		583B38791DD52DB90079BF6E /* Project object */ = {
			isa = PBXProject;
			attributes = {
				LastSwiftUpdateCheck = 0800;
				LastUpgradeCheck = 0820;
				ORGANIZATIONNAME = "Break List";
				TargetAttributes = {
					583B38801DD52DB90079BF6E = {
						CreatedOnToolsVersion = 8.0;
						DevelopmentTeam = K32U974K8Q;
						ProvisioningStyle = Automatic;
					};
					583B38941DD52DB90079BF6E = {
						CreatedOnToolsVersion = 8.0;
						ProvisioningStyle = Automatic;
						TestTargetID = 583B38801DD52DB90079BF6E;
					};
					583B389F1DD52DB90079BF6E = {
						CreatedOnToolsVersion = 8.0;
						ProvisioningStyle = Automatic;
						TestTargetID = 583B38801DD52DB90079BF6E;
					};
				};
			};
			buildConfigurationList = 583B387C1DD52DB90079BF6E /* Build configuration list for PBXProject "PotentialMeme" */;
			compatibilityVersion = "Xcode 3.2";
			developmentRegion = English;
			hasScannedForEncodings = 0;
			knownRegions = (
				en,
				Base,
			);
			mainGroup = 583B38781DD52DB90079BF6E;
			productRefGroup = 583B38821DD52DB90079BF6E /* Products */;
			projectDirPath = "";
			projectRoot = "";
			targets = (
				583B38801DD52DB90079BF6E /* PotentialMeme */,
				583B38941DD52DB90079BF6E /* PotentialMemeTests */,
				583B389F1DD52DB90079BF6E /* PotentialMemeUITests */,
			);
		};
/* End PBXProject section */

/* Begin PBXResourcesBuildPhase section */
		583B387F1DD52DB90079BF6E /* Resources */ = {
			isa = PBXResourcesBuildPhase;
			buildActionMask = 2147483647;
			files = (
				58356DEC1E25EFD400F10DC6 /* Impact.ttf in Resources */,
				583B388F1DD52DB90079BF6E /* LaunchScreen.storyboard in Resources */,
				583B388C1DD52DB90079BF6E /* Assets.xcassets in Resources */,
				583B388A1DD52DB90079BF6E /* Main.storyboard in Resources */,
			);
			runOnlyForDeploymentPostprocessing = 0;
		};
		583B38931DD52DB90079BF6E /* Resources */ = {
			isa = PBXResourcesBuildPhase;
			buildActionMask = 2147483647;
			files = (
			);
			runOnlyForDeploymentPostprocessing = 0;
		};
		583B389E1DD52DB90079BF6E /* Resources */ = {
			isa = PBXResourcesBuildPhase;
			buildActionMask = 2147483647;
			files = (
			);
			runOnlyForDeploymentPostprocessing = 0;
		};
/* End PBXResourcesBuildPhase section */

/* Begin PBXSourcesBuildPhase section */
		583B387D1DD52DB90079BF6E /* Sources */ = {
			isa = PBXSourcesBuildPhase;
			buildActionMask = 2147483647;
			files = (
				58CF381D1E43F05100F9E9EC /* SentMemeCollectionVIewCell.swift in Sources */,
				5861C1781DD66489001D5F5A /* NewMeme.swift in Sources */,
				58CF38191E42E40900F9E9EC /* SentMemesTableViewController.swift in Sources */,
				583B38871DD52DB90079BF6E /* ViewController.swift in Sources */,
				58CF381F1E45339500F9E9EC /* ViewMemeViewController.swift in Sources */,
				583B38851DD52DB90079BF6E /* AppDelegate.swift in Sources */,
				58CF381B1E43ED4C00F9E9EC /* SentMemesCollectionViewController.swift in Sources */,
				581BB16C1E54BCA5001AF381 /* SentMemeTableViewCell.swift in Sources */,
			);
			runOnlyForDeploymentPostprocessing = 0;
		};
		583B38911DD52DB90079BF6E /* Sources */ = {
			isa = PBXSourcesBuildPhase;
			buildActionMask = 2147483647;
			files = (
				583B389A1DD52DB90079BF6E /* image_pickerTests.swift in Sources */,
			);
			runOnlyForDeploymentPostprocessing = 0;
		};
		583B389C1DD52DB90079BF6E /* Sources */ = {
			isa = PBXSourcesBuildPhase;
			buildActionMask = 2147483647;
			files = (
				583B38A51DD52DB90079BF6E /* image_pickerUITests.swift in Sources */,
			);
			runOnlyForDeploymentPostprocessing = 0;
		};
/* End PBXSourcesBuildPhase section */

/* Begin PBXTargetDependency section */
		583B38971DD52DB90079BF6E /* PBXTargetDependency */ = {
			isa = PBXTargetDependency;
			target = 583B38801DD52DB90079BF6E /* PotentialMeme */;
			targetProxy = 583B38961DD52DB90079BF6E /* PBXContainerItemProxy */;
		};
		583B38A21DD52DB90079BF6E /* PBXTargetDependency */ = {
			isa = PBXTargetDependency;
			target = 583B38801DD52DB90079BF6E /* PotentialMeme */;
			targetProxy = 583B38A11DD52DB90079BF6E /* PBXContainerItemProxy */;
		};
/* End PBXTargetDependency section */

/* Begin PBXVariantGroup section */
		583B38881DD52DB90079BF6E /* Main.storyboard */ = {
			isa = PBXVariantGroup;
			children = (
				583B38891DD52DB90079BF6E /* Base */,
			);
			name = Main.storyboard;
			sourceTree = "<group>";
		};
		583B388D1DD52DB90079BF6E /* LaunchScreen.storyboard */ = {
			isa = PBXVariantGroup;
			children = (
				583B388E1DD52DB90079BF6E /* Base */,
			);
			name = LaunchScreen.storyboard;
			sourceTree = "<group>";
		};
/* End PBXVariantGroup section */

/* Begin XCBuildConfiguration section */
		583B38A71DD52DB90079BF6E /* Debug */ = {
			isa = XCBuildConfiguration;
			buildSettings = {
				ALWAYS_SEARCH_USER_PATHS = NO;
				CLANG_ANALYZER_NONNULL = YES;
				CLANG_CXX_LANGUAGE_STANDARD = "gnu++0x";
				CLANG_CXX_LIBRARY = "libc++";
				CLANG_ENABLE_MODULES = YES;
				CLANG_ENABLE_OBJC_ARC = YES;
				CLANG_WARN_BOOL_CONVERSION = YES;
				CLANG_WARN_CONSTANT_CONVERSION = YES;
				CLANG_WARN_DIRECT_OBJC_ISA_USAGE = YES_ERROR;
				CLANG_WARN_DOCUMENTATION_COMMENTS = YES;
				CLANG_WARN_EMPTY_BODY = YES;
				CLANG_WARN_ENUM_CONVERSION = YES;
				CLANG_WARN_INFINITE_RECURSION = YES;
				CLANG_WARN_INT_CONVERSION = YES;
				CLANG_WARN_OBJC_ROOT_CLASS = YES_ERROR;
				CLANG_WARN_SUSPICIOUS_MOVE = YES;
				CLANG_WARN_SUSPICIOUS_MOVES = YES;
				CLANG_WARN_UNREACHABLE_CODE = YES;
				CLANG_WARN__DUPLICATE_METHOD_MATCH = YES;
				"CODE_SIGN_IDENTITY[sdk=iphoneos*]" = "iPhone Developer";
				COPY_PHASE_STRIP = NO;
				DEBUG_INFORMATION_FORMAT = dwarf;
				ENABLE_STRICT_OBJC_MSGSEND = YES;
				ENABLE_TESTABILITY = YES;
				GCC_C_LANGUAGE_STANDARD = gnu99;
				GCC_DYNAMIC_NO_PIC = NO;
				GCC_NO_COMMON_BLOCKS = YES;
				GCC_OPTIMIZATION_LEVEL = 0;
				GCC_PREPROCESSOR_DEFINITIONS = (
					"DEBUG=1",
					"$(inherited)",
				);
				GCC_WARN_64_TO_32_BIT_CONVERSION = YES;
				GCC_WARN_ABOUT_RETURN_TYPE = YES_ERROR;
				GCC_WARN_UNDECLARED_SELECTOR = YES;
				GCC_WARN_UNINITIALIZED_AUTOS = YES_AGGRESSIVE;
				GCC_WARN_UNUSED_FUNCTION = YES;
				GCC_WARN_UNUSED_VARIABLE = YES;
				IPHONEOS_DEPLOYMENT_TARGET = 10.0;
				MTL_ENABLE_DEBUG_INFO = YES;
				ONLY_ACTIVE_ARCH = YES;
				SDKROOT = iphoneos;
				SWIFT_ACTIVE_COMPILATION_CONDITIONS = DEBUG;
				SWIFT_OPTIMIZATION_LEVEL = "-Onone";
				TARGETED_DEVICE_FAMILY = "1,2";
			};
			name = Debug;
		};
		583B38A81DD52DB90079BF6E /* Release */ = {
			isa = XCBuildConfiguration;
			buildSettings = {
				ALWAYS_SEARCH_USER_PATHS = NO;
				CLANG_ANALYZER_NONNULL = YES;
				CLANG_CXX_LANGUAGE_STANDARD = "gnu++0x";
				CLANG_CXX_LIBRARY = "libc++";
				CLANG_ENABLE_MODULES = YES;
				CLANG_ENABLE_OBJC_ARC = YES;
				CLANG_WARN_BOOL_CONVERSION = YES;
				CLANG_WARN_CONSTANT_CONVERSION = YES;
				CLANG_WARN_DIRECT_OBJC_ISA_USAGE = YES_ERROR;
				CLANG_WARN_DOCUMENTATION_COMMENTS = YES;
				CLANG_WARN_EMPTY_BODY = YES;
				CLANG_WARN_ENUM_CONVERSION = YES;
				CLANG_WARN_INFINITE_RECURSION = YES;
				CLANG_WARN_INT_CONVERSION = YES;
				CLANG_WARN_OBJC_ROOT_CLASS = YES_ERROR;
				CLANG_WARN_SUSPICIOUS_MOVE = YES;
				CLANG_WARN_SUSPICIOUS_MOVES = YES;
				CLANG_WARN_UNREACHABLE_CODE = YES;
				CLANG_WARN__DUPLICATE_METHOD_MATCH = YES;
				"CODE_SIGN_IDENTITY[sdk=iphoneos*]" = "iPhone Developer";
				COPY_PHASE_STRIP = NO;
				DEBUG_INFORMATION_FORMAT = "dwarf-with-dsym";
				ENABLE_NS_ASSERTIONS = NO;
				ENABLE_STRICT_OBJC_MSGSEND = YES;
				GCC_C_LANGUAGE_STANDARD = gnu99;
				GCC_NO_COMMON_BLOCKS = YES;
				GCC_WARN_64_TO_32_BIT_CONVERSION = YES;
				GCC_WARN_ABOUT_RETURN_TYPE = YES_ERROR;
				GCC_WARN_UNDECLARED_SELECTOR = YES;
				GCC_WARN_UNINITIALIZED_AUTOS = YES_AGGRESSIVE;
				GCC_WARN_UNUSED_FUNCTION = YES;
				GCC_WARN_UNUSED_VARIABLE = YES;
				IPHONEOS_DEPLOYMENT_TARGET = 10.0;
				MTL_ENABLE_DEBUG_INFO = NO;
				SDKROOT = iphoneos;
				SWIFT_OPTIMIZATION_LEVEL = "-Owholemodule";
				TARGETED_DEVICE_FAMILY = "1,2";
				VALIDATE_PRODUCT = YES;
			};
			name = Release;
		};
		583B38AA1DD52DB90079BF6E /* Debug */ = {
			isa = XCBuildConfiguration;
			buildSettings = {
				ASSETCATALOG_COMPILER_APPICON_NAME = AppIcon;
				DEVELOPMENT_TEAM = K32U974K8Q;
				INFOPLIST_FILE = "image picker/Info.plist";
				LD_RUNPATH_SEARCH_PATHS = "$(inherited) @executable_path/Frameworks";
				PRODUCT_BUNDLE_IDENTIFIER = "breaklist.image-picker";
				PRODUCT_NAME = "$(TARGET_NAME)";
				SWIFT_VERSION = 3.0;
				TARGETED_DEVICE_FAMILY = 1;
			};
			name = Debug;
		};
		583B38AB1DD52DB90079BF6E /* Release */ = {
			isa = XCBuildConfiguration;
			buildSettings = {
				ASSETCATALOG_COMPILER_APPICON_NAME = AppIcon;
				DEVELOPMENT_TEAM = K32U974K8Q;
				INFOPLIST_FILE = "image picker/Info.plist";
				LD_RUNPATH_SEARCH_PATHS = "$(inherited) @executable_path/Frameworks";
				PRODUCT_BUNDLE_IDENTIFIER = "breaklist.image-picker";
				PRODUCT_NAME = "$(TARGET_NAME)";
				SWIFT_VERSION = 3.0;
				TARGETED_DEVICE_FAMILY = 1;
			};
			name = Release;
		};
		583B38AD1DD52DB90079BF6E /* Debug */ = {
			isa = XCBuildConfiguration;
			buildSettings = {
				ALWAYS_EMBED_SWIFT_STANDARD_LIBRARIES = YES;
				BUNDLE_LOADER = "$(TEST_HOST)";
				INFOPLIST_FILE = "image pickerTests/Info.plist";
				LD_RUNPATH_SEARCH_PATHS = "$(inherited) @executable_path/Frameworks @loader_path/Frameworks";
				PRODUCT_BUNDLE_IDENTIFIER = "breaklist.image-pickerTests";
				PRODUCT_NAME = "$(TARGET_NAME)";
				SWIFT_VERSION = 3.0;
				TEST_HOST = "$(BUILT_PRODUCTS_DIR)/PotentialMeme.app/PotentialMeme";
			};
			name = Debug;
		};
		583B38AE1DD52DB90079BF6E /* Release */ = {
			isa = XCBuildConfiguration;
			buildSettings = {
				ALWAYS_EMBED_SWIFT_STANDARD_LIBRARIES = YES;
				BUNDLE_LOADER = "$(TEST_HOST)";
				INFOPLIST_FILE = "image pickerTests/Info.plist";
				LD_RUNPATH_SEARCH_PATHS = "$(inherited) @executable_path/Frameworks @loader_path/Frameworks";
				PRODUCT_BUNDLE_IDENTIFIER = "breaklist.image-pickerTests";
				PRODUCT_NAME = "$(TARGET_NAME)";
				SWIFT_VERSION = 3.0;
				TEST_HOST = "$(BUILT_PRODUCTS_DIR)/PotentialMeme.app/PotentialMeme";
			};
			name = Release;
		};
		583B38B01DD52DB90079BF6E /* Debug */ = {
			isa = XCBuildConfiguration;
			buildSettings = {
				ALWAYS_EMBED_SWIFT_STANDARD_LIBRARIES = YES;
				INFOPLIST_FILE = "image pickerUITests/Info.plist";
				LD_RUNPATH_SEARCH_PATHS = "$(inherited) @executable_path/Frameworks @loader_path/Frameworks";
				PRODUCT_BUNDLE_IDENTIFIER = "breaklist.image-pickerUITests";
				PRODUCT_NAME = "$(TARGET_NAME)";
				SWIFT_VERSION = 3.0;
				TEST_TARGET_NAME = "image picker";
			};
			name = Debug;
		};
		583B38B11DD52DB90079BF6E /* Release */ = {
			isa = XCBuildConfiguration;
			buildSettings = {
				ALWAYS_EMBED_SWIFT_STANDARD_LIBRARIES = YES;
				INFOPLIST_FILE = "image pickerUITests/Info.plist";
				LD_RUNPATH_SEARCH_PATHS = "$(inherited) @executable_path/Frameworks @loader_path/Frameworks";
				PRODUCT_BUNDLE_IDENTIFIER = "breaklist.image-pickerUITests";
				PRODUCT_NAME = "$(TARGET_NAME)";
				SWIFT_VERSION = 3.0;
				TEST_TARGET_NAME = "image picker";
			};
			name = Release;
		};
/* End XCBuildConfiguration section */

/* Begin XCConfigurationList section */
		583B387C1DD52DB90079BF6E /* Build configuration list for PBXProject "PotentialMeme" */ = {
			isa = XCConfigurationList;
			buildConfigurations = (
				583B38A71DD52DB90079BF6E /* Debug */,
				583B38A81DD52DB90079BF6E /* Release */,
			);
			defaultConfigurationIsVisible = 0;
			defaultConfigurationName = Release;
		};
		583B38A91DD52DB90079BF6E /* Build configuration list for PBXNativeTarget "PotentialMeme" */ = {
			isa = XCConfigurationList;
			buildConfigurations = (
				583B38AA1DD52DB90079BF6E /* Debug */,
				583B38AB1DD52DB90079BF6E /* Release */,
			);
			defaultConfigurationIsVisible = 0;
			defaultConfigurationName = Release;
		};
		583B38AC1DD52DB90079BF6E /* Build configuration list for PBXNativeTarget "PotentialMemeTests" */ = {
			isa = XCConfigurationList;
			buildConfigurations = (
				583B38AD1DD52DB90079BF6E /* Debug */,
				583B38AE1DD52DB90079BF6E /* Release */,
			);
			defaultConfigurationIsVisible = 0;
			defaultConfigurationName = Release;
		};
		583B38AF1DD52DB90079BF6E /* Build configuration list for PBXNativeTarget "PotentialMemeUITests" */ = {
			isa = XCConfigurationList;
			buildConfigurations = (
				583B38B01DD52DB90079BF6E /* Debug */,
				583B38B11DD52DB90079BF6E /* Release */,
			);
			defaultConfigurationIsVisible = 0;
			defaultConfigurationName = Release;
		};
/* End XCConfigurationList section */
	};
	rootObject = 583B38791DD52DB90079BF6E /* Project object */;
}
